
Microsoft Visual Studio Solution File, Format Version 12.00
Project("{FAE04EC0-301F-11D3-BF4B-00C04F79EFBC}") = "ShaHashing", "ShaHashing.csproj", "{F95E9532-D665-47C1-8481-2CD82880EF7E}"
EndProject
Global
	GlobalSection(SolutionConfigurationPlatforms) = preSolution
		Debug|Any CPU = Debug|Any CPU
		Release|Any CPU = Release|Any CPU
	EndGlobalSection
	GlobalSection(ProjectConfigurationPlatforms) = postSolution
		{F95E9532-D665-47C1-8481-2CD82880EF7E}.Debug|Any CPU.ActiveCfg = Debug|Any CPU
		{F95E9532-D665-47C1-8481-2CD82880EF7E}.Debug|Any CPU.Build.0 = Debug|Any CPU
		{F95E9532-D665-47C1-8481-2CD82880EF7E}.Release|Any CPU.ActiveCfg = Release|Any CPU
		{F95E9532-D665-47C1-8481-2CD82880EF7E}.Release|Any CPU.Build.0 = Release|Any CPU
	EndGlobalSection
EndGlobal
